# THIS IS AN AUTOGENERATED FILE. DO NOT EDIT THIS FILE DIRECTLY.
# yarn lockfile v1


mello-utils@^1.0.13:
  version "1.0.13"
  resolved "https://registry.yarnpkg.com/mello-utils/-/mello-utils-1.0.13.tgz#7c3b0ef291e2238884abea7627c7e530a3b0f432"
  integrity sha512-08RK3j63ISSG/Pxbb49al4r8sXRZ/Wdn15u4VQPDtc+FPS2mJ48pCL9t7uZ5RICD4ecGhVN8/uaHw+kbEhxGfg==

typescript@^4.8.3:
  version "4.8.3"
  resolved "https://registry.npmjs.org/typescript/-/typescript-4.8.3.tgz"
  integrity sha512-goMHfm00nWPa8UvR/CPSvykqf6dVV8x/dp0c5mFTMTIu0u0FlGWRioyy7Nn0PGAdHxpJZnuO/ut+PpQ8UiHAig==
